{
  "requires": true,
  "lockfileVersion": 1,
  "dependencies": {
    "khalti-web": {
      "version": "1.1.1",
      "resolved": "https://registry.npmjs.org/khalti-web/-/khalti-web-1.1.1.tgz",
      "integrity": "sha512-Va5VoDDQxOwXdzR4Amy8NSlYoh+cXDrdtesnIbE2nWwJ52GjwgsYgkAWGYaUDmYMRfz8hL5ud1Qe5YNeipJyBw==",
      "requires": {
        "validatex": "^0.3.1"
      }
    },
    "validatex": {
      "version": "0.3.1",
      "resolved": "https://registry.npmjs.org/validatex/-/validatex-0.3.1.tgz",
      "integrity": "sha1-mZZSU/C/IYb1HUO/r7TWIFQPue8="
    }
  }
}
